{
    "_meta": {
        "hash": {
            "sha256": "e0076afa9224d6a5dffd2747e3372e4c1044883811a5f20fd52ec2d1663018e6"
        },
        "pipfile-spec": 6,
        "requires": {
            "python_version": "3.14"
        },
        "sources": [
            {
                "name": "pypi",
                "url": "https://pypi.org/simple",
                "verify_ssl": true
            }
        ]
    },
    "default": {
        "asgiref": {
            "hashes": [
                "sha256:59dcb51c272ad209d59bed5708a64a333083e86017d7fcdd67498eeab7784340",
                "sha256:fe386d1c2bff7259ea95929266d12a8cf9a8b5a1c2598402967d8792e7a7c094"
            ],
            "markers": "python_version >= '3.10'",
            "version": "==3.12.1"
        },
        "django": {
            "hashes": [
                "sha256:2998503fc083124fb58037084bfa00de323c7c743f05f1b4284e77bff0ab8890",
                "sha256:a037427c2288443a8c02a1b02295a31c239663aa682bc50b1976afb7cf6a769e"
            ],
            "index": "pypi",
            "markers": "python_version >= '3.12'",
            "version": "==6.0.7"
        },
        "django-jazzmin": {
            "hashes": [
                "sha256:578fb1fc0a1b7e3b8472d2692ace60b1584ccd937c3828e2c9a89bdf94067f94",
                "sha256:7e39b029bddbb60f3aaf9897bd009f39f8f2bdc8a7d86beed1e943706dd79692"
            ],
            "index": "pypi",
            "markers": "python_version >= '3.10'",
            "version": "==3.0.5"
        },
        "sqlparse": {
            "hashes": [
                "sha256:12a08b3bf3eec877c519589833aed092e2444e68240a3577e8e26148acc7b1ba",
                "sha256:e20d4a9b0b8585fdf63b10d30066c7c94c5d7a7ec47c889a2d83a3caa93ff28e"
            ],
            "markers": "python_version >= '3.8'",
            "version": "==0.5.5"
        }
    },
    "develop": {}
}
